
Microsoft Visual Studio Solution File, Format Version 11.00
# Visual Studio 2010
Project("{FAE04EC0-301F-11D3-BF4B-00C04F79EFBC}") = "Assembly-CSharp", "Assembly-CSharp.csproj", "{38C1547E-32D1-0230-E3DF-BC88E0FC2729}"
EndProject
Project("{FAE04EC0-301F-11D3-BF4B-00C04F79EFBC}") = "Assembly-CSharp-Editor", "Assembly-CSharp-Editor.csproj", "{2FEB7304-E142-A52D-DDB1-405F260579DA}"
EndProject
Global
	GlobalSection(SolutionConfigurationPlatforms) = preSolution
		Debug|Any CPU = Debug|Any CPU
		Release|Any CPU = Release|Any CPU
	EndGlobalSection
	GlobalSection(ProjectConfigurationPlatforms) = postSolution
		{38C1547E-32D1-0230-E3DF-BC88E0FC2729}.Debug|Any CPU.ActiveCfg = Debug|Any CPU
		{38C1547E-32D1-0230-E3DF-BC88E0FC2729}.Debug|Any CPU.Build.0 = Debug|Any CPU
		{38C1547E-32D1-0230-E3DF-BC88E0FC2729}.Release|Any CPU.ActiveCfg = Release|Any CPU
		{38C1547E-32D1-0230-E3DF-BC88E0FC2729}.Release|Any CPU.Build.0 = Release|Any CPU
		{2FEB7304-E142-A52D-DDB1-405F260579DA}.Debug|Any CPU.ActiveCfg = Debug|Any CPU
		{2FEB7304-E142-A52D-DDB1-405F260579DA}.Debug|Any CPU.Build.0 = Debug|Any CPU
		{2FEB7304-E142-A52D-DDB1-405F260579DA}.Release|Any CPU.ActiveCfg = Release|Any CPU
		{2FEB7304-E142-A52D-DDB1-405F260579DA}.Release|Any CPU.Build.0 = Release|Any CPU
	EndGlobalSection
	GlobalSection(SolutionProperties) = preSolution
		HideSolutionNode = FALSE
	EndGlobalSection
	GlobalSection(MonoDevelopProperties) = preSolution
		StartupItem = Assembly-CSharp.csproj
	EndGlobalSection
EndGlobal
